{
  "name": "git-create-jira-branch",
  "version": "0.1.0",
  "lockfileVersion": 3,
  "requires": true,
  "packages": {
    "": {
      "name": "git-create-jira-branch",
      "version": "0.1.0",
      "license": "MIT",
      "dependencies": {
        "@effect/cli": "0.16.0",
        "@effect/platform": "0.21.0",
        "effect": "2.0.0-next.48"
      },
      "bin": {
        "git-create-jira-branch": "dist/cli.js"
      },
      "devDependencies": {
        "@types/node": "^20.4.9",
        "typescript": "^5.1.6"
      }
    },
    "node_modules/@effect/cli": {
      "version": "0.16.0",
      "resolved": "https://registry.npmjs.org/@effect/cli/-/cli-0.16.0.tgz",
      "integrity": "sha512-3ud9o6KhJOVUPd5RVg7KBqrlSZ2D5mKZNbIb+L5GAz8Poy9n28hw3qF1LCrH3gw1b4xuvIkHzspP+8Kbiu7uFQ==",
      "peerDependencies": {
        "@effect/printer": "^0.18.0",
        "@effect/printer-ansi": "^0.18.0",
        "@effect/schema": "^0.43.0",
        "effect": "2.0.0-next.48"
      }
    },
    "node_modules/@effect/platform": {
      "version": "0.21.0",
      "resolved": "https://registry.npmjs.org/@effect/platform/-/platform-0.21.0.tgz",
      "integrity": "sha512-jOhPClLvJePrT43jYk1Lc1xjtMbWqyLHVEBcm5Q4bzoJIsQz6kH+833jzKAeVp65r2iBCAz82VnVPKjeh0Tctw==",
      "dependencies": {
        "find-my-way": "^7.7.0",
        "path-browserify": "^1.0.1"
      },
      "peerDependencies": {
        "@effect/schema": "^0.43.0",
        "effect": "2.0.0-next.48"
      }
    },
    "node_modules/@effect/printer": {
      "version": "0.18.0",
      "resolved": "https://registry.npmjs.org/@effect/printer/-/printer-0.18.0.tgz",
      "integrity": "sha512-bMPULFeNAAz2pbwSADEYRtx/1reOzeWlY9OK/X6SE81Q2kmP+VA8sJpzN41xxOfadhlpWm46WNIwzM+oqrDs3w==",
      "peer": true,
      "peerDependencies": {
        "@effect/typeclass": "^0.10.0",
        "effect": "2.0.0-next.48"
      }
    },
    "node_modules/@effect/printer-ansi": {
      "version": "0.18.0",
      "resolved": "https://registry.npmjs.org/@effect/printer-ansi/-/printer-ansi-0.18.0.tgz",
      "integrity": "sha512-/ajstWFxFKBDm9Zrge3ZljsrOuDWbqIgeV6EUPcPvSo7C7qlzfRoTYtVE+iW2syhj0Kmh92neOpp0QDvBicVYw==",
      "peer": true,
      "dependencies": {
        "@effect/printer": "^0.18.0"
      },
      "peerDependencies": {
        "@effect/typeclass": "^0.10.0",
        "effect": "2.0.0-next.48"
      }
    },
    "node_modules/@effect/schema": {
      "version": "0.43.0",
      "resolved": "https://registry.npmjs.org/@effect/schema/-/schema-0.43.0.tgz",
      "integrity": "sha512-MvWDyS1u/+X7DYQdhnN/Tu0/NwTlFx2/XgR9+JVrX7hQOzH01li6463rohfiH+NYxx3aruAqA1Oz5MSOCB7hnA==",
      "peer": true,
      "peerDependencies": {
        "effect": "2.0.0-next.48",
        "fast-check": "^3.13.1"
      }
    },
    "node_modules/@effect/typeclass": {
      "version": "0.10.0",
      "resolved": "https://registry.npmjs.org/@effect/typeclass/-/typeclass-0.10.0.tgz",
      "integrity": "sha512-pELnCfLZMKU8I/ax/2ciVIIuRX22NJaSriToOS/QekCW5twK2COVDJYsTGPEDdJ86nth5/W0rt0wUZf0mjwxWQ==",
      "peer": true,
      "peerDependencies": {
        "effect": "2.0.0-next.48"
      }
    },
    "node_modules/@types/node": {
      "version": "20.8.4",
      "resolved": "https://registry.npmjs.org/@types/node/-/node-20.8.4.tgz",
      "integrity": "sha512-ZVPnqU58giiCjSxjVUESDtdPk4QR5WQhhINbc9UBrKLU68MX5BF6kbQzTrkwbolyr0X8ChBpXfavr5mZFKZQ5A==",
      "dev": true,
      "dependencies": {
        "undici-types": "~5.25.1"
      }
    },
    "node_modules/effect": {
      "version": "2.0.0-next.48",
      "resolved": "https://registry.npmjs.org/effect/-/effect-2.0.0-next.48.tgz",
      "integrity": "sha512-vwMIl39m8fMBeXoGIdSwMi2lrg7NltyrGMK0N/liGDl7G9LXvERKOCipNcobSIGO0V7hjaXEWgL6W/KEWEww+g=="
    },
    "node_modules/fast-check": {
      "version": "3.13.1",
      "resolved": "https://registry.npmjs.org/fast-check/-/fast-check-3.13.1.tgz",
      "integrity": "sha512-Xp00tFuWd83i8rbG/4wU54qU+yINjQha7bXH2N4ARNTkyOimzHtUBJ5+htpdXk7RMaCOD/j2jxSjEt9u9ZPNeQ==",
      "funding": [
        {
          "type": "individual",
          "url": "https://github.com/sponsors/dubzzz"
        },
        {
          "type": "opencollective",
          "url": "https://opencollective.com/fast-check"
        }
      ],
      "peer": true,
      "dependencies": {
        "pure-rand": "^6.0.0"
      },
      "engines": {
        "node": ">=8.0.0"
      }
    },
    "node_modules/fast-decode-uri-component": {
      "version": "1.0.1",
      "resolved": "https://registry.npmjs.org/fast-decode-uri-component/-/fast-decode-uri-component-1.0.1.tgz",
      "integrity": "sha512-WKgKWg5eUxvRZGwW8FvfbaH7AXSh2cL+3j5fMGzUMCxWBJ3dV3a7Wz8y2f/uQ0e3B6WmodD3oS54jTQ9HVTIIg=="
    },
    "node_modules/fast-deep-equal": {
      "version": "3.1.3",
      "resolved": "https://registry.npmjs.org/fast-deep-equal/-/fast-deep-equal-3.1.3.tgz",
      "integrity": "sha512-f3qQ9oQy9j2AhBe/H9VC91wLmKBCCU/gDOnKNAYG5hswO7BLKj09Hc5HYNz9cGI++xlpDCIgDaitVs03ATR84Q=="
    },
    "node_modules/fast-querystring": {
      "version": "1.1.2",
      "resolved": "https://registry.npmjs.org/fast-querystring/-/fast-querystring-1.1.2.tgz",
      "integrity": "sha512-g6KuKWmFXc0fID8WWH0jit4g0AGBoJhCkJMb1RmbsSEUNvQ+ZC8D6CUZ+GtF8nMzSPXnhiePyyqqipzNNEnHjg==",
      "dependencies": {
        "fast-decode-uri-component": "^1.0.1"
      }
    },
    "node_modules/find-my-way": {
      "version": "7.7.0",
      "resolved": "https://registry.npmjs.org/find-my-way/-/find-my-way-7.7.0.tgz",
      "integrity": "sha512-+SrHpvQ52Q6W9f3wJoJBbAQULJuNEEQwBvlvYwACDhBTLOTMiQ0HYWh4+vC3OivGP2ENcTI1oKlFA2OepJNjhQ==",
      "dependencies": {
        "fast-deep-equal": "^3.1.3",
        "fast-querystring": "^1.0.0",
        "safe-regex2": "^2.0.0"
      },
      "engines": {
        "node": ">=14"
      }
    },
    "node_modules/path-browserify": {
      "version": "1.0.1",
      "resolved": "https://registry.npmjs.org/path-browserify/-/path-browserify-1.0.1.tgz",
      "integrity": "sha512-b7uo2UCUOYZcnF/3ID0lulOJi/bafxa1xPe7ZPsammBSpjSWQkjNxlt635YGS2MiR9GjvuXCtz2emr3jbsz98g=="
    },
    "node_modules/pure-rand": {
      "version": "6.0.4",
      "resolved": "https://registry.npmjs.org/pure-rand/-/pure-rand-6.0.4.tgz",
      "integrity": "sha512-LA0Y9kxMYv47GIPJy6MI84fqTd2HmYZI83W/kM/SkKfDlajnZYfmXFTxkbY+xSBPkLJxltMa9hIkmdc29eguMA==",
      "funding": [
        {
          "type": "individual",
          "url": "https://github.com/sponsors/dubzzz"
        },
        {
          "type": "opencollective",
          "url": "https://opencollective.com/fast-check"
        }
      ],
      "peer": true
    },
    "node_modules/ret": {
      "version": "0.2.2",
      "resolved": "https://registry.npmjs.org/ret/-/ret-0.2.2.tgz",
      "integrity": "sha512-M0b3YWQs7R3Z917WRQy1HHA7Ba7D8hvZg6UE5mLykJxQVE2ju0IXbGlaHPPlkY+WN7wFP+wUMXmBFA0aV6vYGQ==",
      "engines": {
        "node": ">=4"
      }
    },
    "node_modules/safe-regex2": {
      "version": "2.0.0",
      "resolved": "https://registry.npmjs.org/safe-regex2/-/safe-regex2-2.0.0.tgz",
      "integrity": "sha512-PaUSFsUaNNuKwkBijoAPHAK6/eM6VirvyPWlZ7BAQy4D+hCvh4B6lIG+nPdhbFfIbP+gTGBcrdsOaUs0F+ZBOQ==",
      "dependencies": {
        "ret": "~0.2.0"
      }
    },
    "node_modules/typescript": {
      "version": "5.2.2",
      "resolved": "https://registry.npmjs.org/typescript/-/typescript-5.2.2.tgz",
      "integrity": "sha512-mI4WrpHsbCIcwT9cF4FZvr80QUeKvsUsUvKDoR+X/7XHQH98xYD8YHZg7ANtz2GtZt/CBq2QJ0thkGJMHfqc1w==",
      "dev": true,
      "bin": {
        "tsc": "bin/tsc",
        "tsserver": "bin/tsserver"
      },
      "engines": {
        "node": ">=14.17"
      }
    },
    "node_modules/undici-types": {
      "version": "5.25.3",
      "resolved": "https://registry.npmjs.org/undici-types/-/undici-types-5.25.3.tgz",
      "integrity": "sha512-Ga1jfYwRn7+cP9v8auvEXN1rX3sWqlayd4HP7OKk4mZWylEmu3KzXDUGrQUN6Ol7qo1gPvB2e5gX6udnyEPgdA==",
      "dev": true
    }
  }
}
